
Microsoft Visual Studio Solution File, Format Version 12.00
# Visual Studio 15
VisualStudioVersion = 15.0.27130.2027
MinimumVisualStudioVersion = 10.0.40219.1
Project("{9092AA53-FB77-4645-B42D-1CCCA6BD08BD}") = "wifi-experience", "wifi-experience.njsproj", "{2C1AC16D-85AF-49EC-A5C3-91F6574327D1}"
EndProject
Global
	GlobalSection(SolutionConfigurationPlatforms) = preSolution
		Debug|Any CPU = Debug|Any CPU
		Release|Any CPU = Release|Any CPU
	EndGlobalSection
	GlobalSection(ProjectConfigurationPlatforms) = postSolution
		{2C1AC16D-85AF-49EC-A5C3-91F6574327D1}.Debug|Any CPU.ActiveCfg = Debug|Any CPU
		{2C1AC16D-85AF-49EC-A5C3-91F6574327D1}.Debug|Any CPU.Build.0 = Debug|Any CPU
		{2C1AC16D-85AF-49EC-A5C3-91F6574327D1}.Release|Any CPU.ActiveCfg = Release|Any CPU
		{2C1AC16D-85AF-49EC-A5C3-91F6574327D1}.Release|Any CPU.Build.0 = Release|Any CPU
	EndGlobalSection
	GlobalSection(SolutionProperties) = preSolution
		HideSolutionNode = FALSE
	EndGlobalSection
	GlobalSection(ExtensibilityGlobals) = postSolution
		SolutionGuid = {DD4D8A87-B29C-479E-BAEC-8B9512E10F57}
	EndGlobalSection
EndGlobal
